// !$*UTF8*$!
{
	archiveVersion = 1;
	classes = {
	};
	objectVersion = 56;
	objects = {

/* Begin PBXBuildFile section */
		7120806F2A13D40C00621D6C /* CircleButtonAnimationView.swift in Sources */ = {isa = PBXBuildFile; fileRef = 7120806E2A13D40C00621D6C /* CircleButtonAnimationView.swift */; };
		712080722A13D71300621D6C /* CoinModel.swift in Sources */ = {isa = PBXBuildFile; fileRef = 712080712A13D71300621D6C /* CoinModel.swift */; };
		712080742A13DE5900621D6C /* CoinRowView.swift in Sources */ = {isa = PBXBuildFile; fileRef = 712080732A13DE5900621D6C /* CoinRowView.swift */; };
		712080762A13DEBD00621D6C /* PreviewProvider.swift in Sources */ = {isa = PBXBuildFile; fileRef = 712080752A13DEBD00621D6C /* PreviewProvider.swift */; };
		712080782A13E21400621D6C /* Double.swift in Sources */ = {isa = PBXBuildFile; fileRef = 712080772A13E21400621D6C /* Double.swift */; };
		7139C6EB2A13CC6B00E7DAEB /* HomeView.swift in Sources */ = {isa = PBXBuildFile; fileRef = 7139C6EA2A13CC6B00E7DAEB /* HomeView.swift */; };
		7139C6EF2A13CDA500E7DAEB /* CircleButtonView.swift in Sources */ = {isa = PBXBuildFile; fileRef = 7139C6EE2A13CDA500E7DAEB /* CircleButtonView.swift */; };
		71759E842A1515F9009C5BA2 /* HomeViewModel.swift in Sources */ = {isa = PBXBuildFile; fileRef = 71759E832A1515F9009C5BA2 /* HomeViewModel.swift */; };
		71759E872A151D8F009C5BA2 /* CoinDataService.swift in Sources */ = {isa = PBXBuildFile; fileRef = 71759E862A151D8F009C5BA2 /* CoinDataService.swift */; };
		71759E8A2A152983009C5BA2 /* NetworkingManager.swift in Sources */ = {isa = PBXBuildFile; fileRef = 71759E892A152983009C5BA2 /* NetworkingManager.swift */; };
		71759E8D2A152E32009C5BA2 /* CoinImageView.swift in Sources */ = {isa = PBXBuildFile; fileRef = 71759E8C2A152E32009C5BA2 /* CoinImageView.swift */; };
		71759E8F2A152F4E009C5BA2 /* CoinImageService.swift in Sources */ = {isa = PBXBuildFile; fileRef = 71759E8E2A152F4E009C5BA2 /* CoinImageService.swift */; };
		71759E912A153175009C5BA2 /* CoinImageViewModel.swift in Sources */ = {isa = PBXBuildFile; fileRef = 71759E902A153175009C5BA2 /* CoinImageViewModel.swift */; };
		71759E932A15375C009C5BA2 /* LocalFileManager.swift in Sources */ = {isa = PBXBuildFile; fileRef = 71759E922A15375C009C5BA2 /* LocalFileManager.swift */; };
		7180B24E2A166266001D4A1E /* SearchBarView.swift in Sources */ = {isa = PBXBuildFile; fileRef = 7180B24D2A166266001D4A1E /* SearchBarView.swift */; };
		7180B2502A166C9C001D4A1E /* UIApplication.swift in Sources */ = {isa = PBXBuildFile; fileRef = 7180B24F2A166C9C001D4A1E /* UIApplication.swift */; };
		7180B2522A16720E001D4A1E /* StatisticModel.swift in Sources */ = {isa = PBXBuildFile; fileRef = 7180B2512A16720E001D4A1E /* StatisticModel.swift */; };
		7180B2542A16734F001D4A1E /* StatisticView.swift in Sources */ = {isa = PBXBuildFile; fileRef = 7180B2532A16734F001D4A1E /* StatisticView.swift */; };
		7180B2562A167662001D4A1E /* HomeStatsView.swift in Sources */ = {isa = PBXBuildFile; fileRef = 7180B2552A167662001D4A1E /* HomeStatsView.swift */; };
		7180B2582A1687FB001D4A1E /* MarketDataModel.swift in Sources */ = {isa = PBXBuildFile; fileRef = 7180B2572A1687FB001D4A1E /* MarketDataModel.swift */; };
		7180B25A2A168AD0001D4A1E /* MarketDataService.swift in Sources */ = {isa = PBXBuildFile; fileRef = 7180B2592A168AD0001D4A1E /* MarketDataService.swift */; };
		7180B25C2A168FBF001D4A1E /* PortfolioView.swift in Sources */ = {isa = PBXBuildFile; fileRef = 7180B25B2A168FBF001D4A1E /* PortfolioView.swift */; };
		7180B2602A16B1B5001D4A1E /* CoinLogoView.swift in Sources */ = {isa = PBXBuildFile; fileRef = 7180B25F2A16B1B5001D4A1E /* CoinLogoView.swift */; };
		7180B2662A17BE6B001D4A1E /* PortfolioContainer.xcdatamodeld in Sources */ = {isa = PBXBuildFile; fileRef = 7180B2642A17BE6B001D4A1E /* PortfolioContainer.xcdatamodeld */; };
		7180B2682A17BF06001D4A1E /* PortfolioDataService.swift in Sources */ = {isa = PBXBuildFile; fileRef = 7180B2672A17BF06001D4A1E /* PortfolioDataService.swift */; };
		7180B26A2A180B82001D4A1E /* HepticManager.swift in Sources */ = {isa = PBXBuildFile; fileRef = 7180B2692A180B82001D4A1E /* HepticManager.swift */; };
		7180B2712A181C66001D4A1E /* DetailView.swift in Sources */ = {isa = PBXBuildFile; fileRef = 7180B2702A181C66001D4A1E /* DetailView.swift */; };
		7180B2732A182432001D4A1E /* CoinDetailModel.swift in Sources */ = {isa = PBXBuildFile; fileRef = 7180B2722A182432001D4A1E /* CoinDetailModel.swift */; };
		7180B2752A182592001D4A1E /* DetailViewModel.swift in Sources */ = {isa = PBXBuildFile; fileRef = 7180B2742A182592001D4A1E /* DetailViewModel.swift */; };
		7180B2772A1825BA001D4A1E /* CoinDetailDataService.swift in Sources */ = {isa = PBXBuildFile; fileRef = 7180B2762A1825BA001D4A1E /* CoinDetailDataService.swift */; };
		718CC3092A126F6200ED6E89 /* SwiftfulCryptoApp.swift in Sources */ = {isa = PBXBuildFile; fileRef = 718CC3082A126F6200ED6E89 /* SwiftfulCryptoApp.swift */; };
		718CC30B2A126F6200ED6E89 /* ContentView.swift in Sources */ = {isa = PBXBuildFile; fileRef = 718CC30A2A126F6200ED6E89 /* ContentView.swift */; };
		718CC3102A126F6400ED6E89 /* Preview Assets.xcassets in Resources */ = {isa = PBXBuildFile; fileRef = 718CC30F2A126F6400ED6E89 /* Preview Assets.xcassets */; };
		718CC31A2A126F6400ED6E89 /* SwiftfulCryptoTests.swift in Sources */ = {isa = PBXBuildFile; fileRef = 718CC3192A126F6400ED6E89 /* SwiftfulCryptoTests.swift */; };
		718CC3242A126F6400ED6E89 /* SwiftfulCryptoUITests.swift in Sources */ = {isa = PBXBuildFile; fileRef = 718CC3232A126F6400ED6E89 /* SwiftfulCryptoUITests.swift */; };
		718CC3262A126F6400ED6E89 /* SwiftfulCryptoUITestsLaunchTests.swift in Sources */ = {isa = PBXBuildFile; fileRef = 718CC3252A126F6400ED6E89 /* SwiftfulCryptoUITestsLaunchTests.swift */; };
		718CC3332A12702900ED6E89 /* Assets.xcassets in Resources */ = {isa = PBXBuildFile; fileRef = 718CC3322A12702900ED6E89 /* Assets.xcassets */; };
		718CC3362A12721000ED6E89 /* Color.swift in Sources */ = {isa = PBXBuildFile; fileRef = 718CC3352A12721000ED6E89 /* Color.swift */; };
		71C4B27B2A37F9130024E057 /* String.swift in Sources */ = {isa = PBXBuildFile; fileRef = 71C4B27A2A37F9130024E057 /* String.swift */; };
		71C4B27F2A37FD470024E057 /* SettingsView.swift in Sources */ = {isa = PBXBuildFile; fileRef = 71C4B27E2A37FD470024E057 /* SettingsView.swift */; };
		71D235192A29100600A4E3BA /* ChartView.swift in Sources */ = {isa = PBXBuildFile; fileRef = 71D235182A29100600A4E3BA /* ChartView.swift */; };
		71E5148C2A29703300C42791 /* Date.swift in Sources */ = {isa = PBXBuildFile; fileRef = 71E5148B2A29703300C42791 /* Date.swift */; };
/* End PBXBuildFile section */

/* Begin PBXContainerItemProxy section */
		718CC3162A126F6400ED6E89 /* PBXContainerItemProxy */ = {
			isa = PBXContainerItemProxy;
			containerPortal = 718CC2FD2A126F6200ED6E89 /* Project object */;
			proxyType = 1;
			remoteGlobalIDString = 718CC3042A126F6200ED6E89;
			remoteInfo = SwiftfulCrypto;
		};
		718CC3202A126F6400ED6E89 /* PBXContainerItemProxy */ = {
			isa = PBXContainerItemProxy;
			containerPortal = 718CC2FD2A126F6200ED6E89 /* Project object */;
			proxyType = 1;
			remoteGlobalIDString = 718CC3042A126F6200ED6E89;
			remoteInfo = SwiftfulCrypto;
		};
/* End PBXContainerItemProxy section */

/* Begin PBXFileReference section */
		7120806E2A13D40C00621D6C /* CircleButtonAnimationView.swift */ = {isa = PBXFileReference; lastKnownFileType = sourcecode.swift; path = CircleButtonAnimationView.swift; sourceTree = "<group>"; };
		712080712A13D71300621D6C /* CoinModel.swift */ = {isa = PBXFileReference; lastKnownFileType = sourcecode.swift; path = CoinModel.swift; sourceTree = "<group>"; };
		712080732A13DE5900621D6C /* CoinRowView.swift */ = {isa = PBXFileReference; lastKnownFileType = sourcecode.swift; path = CoinRowView.swift; sourceTree = "<group>"; };
		712080752A13DEBD00621D6C /* PreviewProvider.swift */ = {isa = PBXFileReference; lastKnownFileType = sourcecode.swift; path = PreviewProvider.swift; sourceTree = "<group>"; };
		712080772A13E21400621D6C /* Double.swift */ = {isa = PBXFileReference; lastKnownFileType = sourcecode.swift; path = Double.swift; sourceTree = "<group>"; };
		7139C6EA2A13CC6B00E7DAEB /* HomeView.swift */ = {isa = PBXFileReference; lastKnownFileType = sourcecode.swift; path = HomeView.swift; sourceTree = "<group>"; };
		7139C6EE2A13CDA500E7DAEB /* CircleButtonView.swift */ = {isa = PBXFileReference; lastKnownFileType = sourcecode.swift; path = CircleButtonView.swift; sourceTree = "<group>"; };
		71759E832A1515F9009C5BA2 /* HomeViewModel.swift */ = {isa = PBXFileReference; lastKnownFileType = sourcecode.swift; path = HomeViewModel.swift; sourceTree = "<group>"; };
		71759E862A151D8F009C5BA2 /* CoinDataService.swift */ = {isa = PBXFileReference; lastKnownFileType = sourcecode.swift; path = CoinDataService.swift; sourceTree = "<group>"; };
		71759E892A152983009C5BA2 /* NetworkingManager.swift */ = {isa = PBXFileReference; lastKnownFileType = sourcecode.swift; path = NetworkingManager.swift; sourceTree = "<group>"; };
		71759E8C2A152E32009C5BA2 /* CoinImageView.swift */ = {isa = PBXFileReference; lastKnownFileType = sourcecode.swift; path = CoinImageView.swift; sourceTree = "<group>"; };
		71759E8E2A152F4E009C5BA2 /* CoinImageService.swift */ = {isa = PBXFileReference; lastKnownFileType = sourcecode.swift; path = CoinImageService.swift; sourceTree = "<group>"; };
		71759E902A153175009C5BA2 /* CoinImageViewModel.swift */ = {isa = PBXFileReference; lastKnownFileType = sourcecode.swift; path = CoinImageViewModel.swift; sourceTree = "<group>"; };
		71759E922A15375C009C5BA2 /* LocalFileManager.swift */ = {isa = PBXFileReference; lastKnownFileType = sourcecode.swift; path = LocalFileManager.swift; sourceTree = "<group>"; };
		7180B24D2A166266001D4A1E /* SearchBarView.swift */ = {isa = PBXFileReference; lastKnownFileType = sourcecode.swift; path = SearchBarView.swift; sourceTree = "<group>"; };
		7180B24F2A166C9C001D4A1E /* UIApplication.swift */ = {isa = PBXFileReference; lastKnownFileType = sourcecode.swift; path = UIApplication.swift; sourceTree = "<group>"; };
		7180B2512A16720E001D4A1E /* StatisticModel.swift */ = {isa = PBXFileReference; lastKnownFileType = sourcecode.swift; path = StatisticModel.swift; sourceTree = "<group>"; };
		7180B2532A16734F001D4A1E /* StatisticView.swift */ = {isa = PBXFileReference; lastKnownFileType = sourcecode.swift; path = StatisticView.swift; sourceTree = "<group>"; };
		7180B2552A167662001D4A1E /* HomeStatsView.swift */ = {isa = PBXFileReference; lastKnownFileType = sourcecode.swift; path = HomeStatsView.swift; sourceTree = "<group>"; };
		7180B2572A1687FB001D4A1E /* MarketDataModel.swift */ = {isa = PBXFileReference; lastKnownFileType = sourcecode.swift; path = MarketDataModel.swift; sourceTree = "<group>"; };
		7180B2592A168AD0001D4A1E /* MarketDataService.swift */ = {isa = PBXFileReference; lastKnownFileType = sourcecode.swift; path = MarketDataService.swift; sourceTree = "<group>"; };
		7180B25B2A168FBF001D4A1E /* PortfolioView.swift */ = {isa = PBXFileReference; lastKnownFileType = sourcecode.swift; path = PortfolioView.swift; sourceTree = "<group>"; };
		7180B25F2A16B1B5001D4A1E /* CoinLogoView.swift */ = {isa = PBXFileReference; lastKnownFileType = sourcecode.swift; path = CoinLogoView.swift; sourceTree = "<group>"; };
		7180B2652A17BE6B001D4A1E /* PortfolioContainer.xcdatamodel */ = {isa = PBXFileReference; lastKnownFileType = wrapper.xcdatamodel; path = PortfolioContainer.xcdatamodel; sourceTree = "<group>"; };
		7180B2672A17BF06001D4A1E /* PortfolioDataService.swift */ = {isa = PBXFileReference; lastKnownFileType = sourcecode.swift; path = PortfolioDataService.swift; sourceTree = "<group>"; };
		7180B2692A180B82001D4A1E /* HepticManager.swift */ = {isa = PBXFileReference; lastKnownFileType = sourcecode.swift; path = HepticManager.swift; sourceTree = "<group>"; };
		7180B2702A181C66001D4A1E /* DetailView.swift */ = {isa = PBXFileReference; lastKnownFileType = sourcecode.swift; path = DetailView.swift; sourceTree = "<group>"; };
		7180B2722A182432001D4A1E /* CoinDetailModel.swift */ = {isa = PBXFileReference; lastKnownFileType = sourcecode.swift; path = CoinDetailModel.swift; sourceTree = "<group>"; };
		7180B2742A182592001D4A1E /* DetailViewModel.swift */ = {isa = PBXFileReference; lastKnownFileType = sourcecode.swift; path = DetailViewModel.swift; sourceTree = "<group>"; };
		7180B2762A1825BA001D4A1E /* CoinDetailDataService.swift */ = {isa = PBXFileReference; lastKnownFileType = sourcecode.swift; path = CoinDetailDataService.swift; sourceTree = "<group>"; };
		718CC3052A126F6200ED6E89 /* SwiftfulCrypto.app */ = {isa = PBXFileReference; explicitFileType = wrapper.application; includeInIndex = 0; path = SwiftfulCrypto.app; sourceTree = BUILT_PRODUCTS_DIR; };
		718CC3082A126F6200ED6E89 /* SwiftfulCryptoApp.swift */ = {isa = PBXFileReference; lastKnownFileType = sourcecode.swift; path = SwiftfulCryptoApp.swift; sourceTree = "<group>"; };
		718CC30A2A126F6200ED6E89 /* ContentView.swift */ = {isa = PBXFileReference; lastKnownFileType = sourcecode.swift; path = ContentView.swift; sourceTree = "<group>"; };
		718CC30F2A126F6400ED6E89 /* Preview Assets.xcassets */ = {isa = PBXFileReference; lastKnownFileType = folder.assetcatalog; path = "Preview Assets.xcassets"; sourceTree = "<group>"; };
		718CC3152A126F6400ED6E89 /* SwiftfulCryptoTests.xctest */ = {isa = PBXFileReference; explicitFileType = wrapper.cfbundle; includeInIndex = 0; path = SwiftfulCryptoTests.xctest; sourceTree = BUILT_PRODUCTS_DIR; };
		718CC3192A126F6400ED6E89 /* SwiftfulCryptoTests.swift */ = {isa = PBXFileReference; lastKnownFileType = sourcecode.swift; path = SwiftfulCryptoTests.swift; sourceTree = "<group>"; };
		718CC31F2A126F6400ED6E89 /* SwiftfulCryptoUITests.xctest */ = {isa = PBXFileReference; explicitFileType = wrapper.cfbundle; includeInIndex = 0; path = SwiftfulCryptoUITests.xctest; sourceTree = BUILT_PRODUCTS_DIR; };
		718CC3232A126F6400ED6E89 /* SwiftfulCryptoUITests.swift */ = {isa = PBXFileReference; lastKnownFileType = sourcecode.swift; path = SwiftfulCryptoUITests.swift; sourceTree = "<group>"; };
		718CC3252A126F6400ED6E89 /* SwiftfulCryptoUITestsLaunchTests.swift */ = {isa = PBXFileReference; lastKnownFileType = sourcecode.swift; path = SwiftfulCryptoUITestsLaunchTests.swift; sourceTree = "<group>"; };
		718CC3322A12702900ED6E89 /* Assets.xcassets */ = {isa = PBXFileReference; lastKnownFileType = folder.assetcatalog; name = Assets.xcassets; path = ../../../../Downloads/Resources/Assets.xcassets; sourceTree = "<group>"; };
		718CC3352A12721000ED6E89 /* Color.swift */ = {isa = PBXFileReference; lastKnownFileType = sourcecode.swift; path = Color.swift; sourceTree = "<group>"; };
		71C4B27A2A37F9130024E057 /* String.swift */ = {isa = PBXFileReference; lastKnownFileType = sourcecode.swift; path = String.swift; sourceTree = "<group>"; };
		71C4B27E2A37FD470024E057 /* SettingsView.swift */ = {isa = PBXFileReference; lastKnownFileType = sourcecode.swift; path = SettingsView.swift; sourceTree = "<group>"; };
		71D235182A29100600A4E3BA /* ChartView.swift */ = {isa = PBXFileReference; lastKnownFileType = sourcecode.swift; path = ChartView.swift; sourceTree = "<group>"; };
		71E5148B2A29703300C42791 /* Date.swift */ = {isa = PBXFileReference; lastKnownFileType = sourcecode.swift; path = Date.swift; sourceTree = "<group>"; };
/* End PBXFileReference section */

/* Begin PBXFrameworksBuildPhase section */
		718CC3022A126F6200ED6E89 /* Frameworks */ = {
			isa = PBXFrameworksBuildPhase;
			buildActionMask = 2147483647;
			files = (
			);
			runOnlyForDeploymentPostprocessing = 0;
		};
		718CC3122A126F6400ED6E89 /* Frameworks */ = {
			isa = PBXFrameworksBuildPhase;
			buildActionMask = 2147483647;
			files = (
			);
			runOnlyForDeploymentPostprocessing = 0;
		};
		718CC31C2A126F6400ED6E89 /* Frameworks */ = {
			isa = PBXFrameworksBuildPhase;
			buildActionMask = 2147483647;
			files = (
			);
			runOnlyForDeploymentPostprocessing = 0;
		};
/* End PBXFrameworksBuildPhase section */

/* Begin PBXGroup section */
		712080702A13D6E900621D6C /* Models */ = {
			isa = PBXGroup;
			children = (
				712080712A13D71300621D6C /* CoinModel.swift */,
				7180B2512A16720E001D4A1E /* StatisticModel.swift */,
				7180B2572A1687FB001D4A1E /* MarketDataModel.swift */,
				7180B2722A182432001D4A1E /* CoinDetailModel.swift */,
				7180B2642A17BE6B001D4A1E /* PortfolioContainer.xcdatamodeld */,
			);
			path = Models;
			sourceTree = "<group>";
		};
		7139C6E62A13CC2F00E7DAEB /* Core */ = {
			isa = PBXGroup;
			children = (
				71C4B27C2A37FD2D0024E057 /* Settings */,
				7180B26B2A181C2C001D4A1E /* Detail */,
				7139C6EC2A13CD7600E7DAEB /* Components */,
				7139C6E72A13CC4A00E7DAEB /* Home */,
			);
			path = Core;
			sourceTree = "<group>";
		};
		7139C6E72A13CC4A00E7DAEB /* Home */ = {
			isa = PBXGroup;
			children = (
				7139C6E92A13CC5700E7DAEB /* Views */,
				7139C6E82A13CC5000E7DAEB /* ViewModels */,
			);
			path = Home;
			sourceTree = "<group>";
		};
		7139C6E82A13CC5000E7DAEB /* ViewModels */ = {
			isa = PBXGroup;
			children = (
				71759E832A1515F9009C5BA2 /* HomeViewModel.swift */,
			);
			path = ViewModels;
			sourceTree = "<group>";
		};
		7139C6E92A13CC5700E7DAEB /* Views */ = {
			isa = PBXGroup;
			children = (
				7139C6EA2A13CC6B00E7DAEB /* HomeView.swift */,
				712080732A13DE5900621D6C /* CoinRowView.swift */,
				7180B2552A167662001D4A1E /* HomeStatsView.swift */,
				7180B25B2A168FBF001D4A1E /* PortfolioView.swift */,
			);
			path = Views;
			sourceTree = "<group>";
		};
		7139C6EC2A13CD7600E7DAEB /* Components */ = {
			isa = PBXGroup;
			children = (
				71759E8B2A152E22009C5BA2 /* CoinImage */,
				7139C6ED2A13CD9500E7DAEB /* CircleButtons */,
				7180B24D2A166266001D4A1E /* SearchBarView.swift */,
				7180B2532A16734F001D4A1E /* StatisticView.swift */,
				7180B25F2A16B1B5001D4A1E /* CoinLogoView.swift */,
			);
			path = Components;
			sourceTree = "<group>";
		};
		7139C6ED2A13CD9500E7DAEB /* CircleButtons */ = {
			isa = PBXGroup;
			children = (
				7139C6EE2A13CDA500E7DAEB /* CircleButtonView.swift */,
				7120806E2A13D40C00621D6C /* CircleButtonAnimationView.swift */,
			);
			path = CircleButtons;
			sourceTree = "<group>";
		};
		71759E852A151D6C009C5BA2 /* Services */ = {
			isa = PBXGroup;
			children = (
				71759E862A151D8F009C5BA2 /* CoinDataService.swift */,
				71759E8E2A152F4E009C5BA2 /* CoinImageService.swift */,
				7180B2592A168AD0001D4A1E /* MarketDataService.swift */,
				7180B2672A17BF06001D4A1E /* PortfolioDataService.swift */,
				7180B2762A1825BA001D4A1E /* CoinDetailDataService.swift */,
			);
			path = Services;
			sourceTree = "<group>";
		};
		71759E882A152945009C5BA2 /* Utilities */ = {
			isa = PBXGroup;
			children = (
				71759E892A152983009C5BA2 /* NetworkingManager.swift */,
				71759E922A15375C009C5BA2 /* LocalFileManager.swift */,
				7180B2692A180B82001D4A1E /* HepticManager.swift */,
			);
			path = Utilities;
			sourceTree = "<group>";
		};
		71759E8B2A152E22009C5BA2 /* CoinImage */ = {
			isa = PBXGroup;
			children = (
				71759E8C2A152E32009C5BA2 /* CoinImageView.swift */,
				71759E902A153175009C5BA2 /* CoinImageViewModel.swift */,
			);
			path = CoinImage;
			sourceTree = "<group>";
		};
		7180B26B2A181C2C001D4A1E /* Detail */ = {
			isa = PBXGroup;
			children = (
				7180B26D2A181C47001D4A1E /* ViewModels */,
				7180B26C2A181C41001D4A1E /* Views */,
			);
			path = Detail;
			sourceTree = "<group>";
		};
		7180B26C2A181C41001D4A1E /* Views */ = {
			isa = PBXGroup;
			children = (
				7180B2702A181C66001D4A1E /* DetailView.swift */,
				71D235182A29100600A4E3BA /* ChartView.swift */,
			);
			path = Views;
			sourceTree = "<group>";
		};
		7180B26D2A181C47001D4A1E /* ViewModels */ = {
			isa = PBXGroup;
			children = (
				7180B2742A182592001D4A1E /* DetailViewModel.swift */,
			);
			path = ViewModels;
			sourceTree = "<group>";
		};
		718CC2FC2A126F6200ED6E89 = {
			isa = PBXGroup;
			children = (
				718CC3072A126F6200ED6E89 /* SwiftfulCrypto */,
				718CC3182A126F6400ED6E89 /* SwiftfulCryptoTests */,
				718CC3222A126F6400ED6E89 /* SwiftfulCryptoUITests */,
				718CC3062A126F6200ED6E89 /* Products */,
			);
			sourceTree = "<group>";
		};
		718CC3062A126F6200ED6E89 /* Products */ = {
			isa = PBXGroup;
			children = (
				718CC3052A126F6200ED6E89 /* SwiftfulCrypto.app */,
				718CC3152A126F6400ED6E89 /* SwiftfulCryptoTests.xctest */,
				718CC31F2A126F6400ED6E89 /* SwiftfulCryptoUITests.xctest */,
			);
			name = Products;
			sourceTree = "<group>";
		};
		718CC3072A126F6200ED6E89 /* SwiftfulCrypto */ = {
			isa = PBXGroup;
			children = (
				718CC3082A126F6200ED6E89 /* SwiftfulCryptoApp.swift */,
				718CC30A2A126F6200ED6E89 /* ContentView.swift */,
				71759E882A152945009C5BA2 /* Utilities */,
				71759E852A151D6C009C5BA2 /* Services */,
				712080702A13D6E900621D6C /* Models */,
				7139C6E62A13CC2F00E7DAEB /* Core */,
				718CC3342A12720000ED6E89 /* Extensions */,
				718CC3322A12702900ED6E89 /* Assets.xcassets */,
				718CC30E2A126F6400ED6E89 /* Preview Content */,
			);
			path = SwiftfulCrypto;
			sourceTree = "<group>";
		};
		718CC30E2A126F6400ED6E89 /* Preview Content */ = {
			isa = PBXGroup;
			children = (
				718CC30F2A126F6400ED6E89 /* Preview Assets.xcassets */,
			);
			path = "Preview Content";
			sourceTree = "<group>";
		};
		718CC3182A126F6400ED6E89 /* SwiftfulCryptoTests */ = {
			isa = PBXGroup;
			children = (
				718CC3192A126F6400ED6E89 /* SwiftfulCryptoTests.swift */,
			);
			path = SwiftfulCryptoTests;
			sourceTree = "<group>";
		};
		718CC3222A126F6400ED6E89 /* SwiftfulCryptoUITests */ = {
			isa = PBXGroup;
			children = (
				718CC3232A126F6400ED6E89 /* SwiftfulCryptoUITests.swift */,
				718CC3252A126F6400ED6E89 /* SwiftfulCryptoUITestsLaunchTests.swift */,
			);
			path = SwiftfulCryptoUITests;
			sourceTree = "<group>";
		};
		718CC3342A12720000ED6E89 /* Extensions */ = {
			isa = PBXGroup;
			children = (
				718CC3352A12721000ED6E89 /* Color.swift */,
				712080752A13DEBD00621D6C /* PreviewProvider.swift */,
				712080772A13E21400621D6C /* Double.swift */,
				7180B24F2A166C9C001D4A1E /* UIApplication.swift */,
				71E5148B2A29703300C42791 /* Date.swift */,
				71C4B27A2A37F9130024E057 /* String.swift */,
			);
			path = Extensions;
			sourceTree = "<group>";
		};
		71C4B27C2A37FD2D0024E057 /* Settings */ = {
			isa = PBXGroup;
			children = (
				71C4B27D2A37FD370024E057 /* Views */,
			);
			path = Settings;
			sourceTree = "<group>";
		};
		71C4B27D2A37FD370024E057 /* Views */ = {
			isa = PBXGroup;
			children = (
				71C4B27E2A37FD470024E057 /* SettingsView.swift */,
			);
			path = Views;
			sourceTree = "<group>";
		};
/* End PBXGroup section */

/* Begin PBXNativeTarget section */
		718CC3042A126F6200ED6E89 /* SwiftfulCrypto */ = {
			isa = PBXNativeTarget;
			buildConfigurationList = 718CC3292A126F6400ED6E89 /* Build configuration list for PBXNativeTarget "SwiftfulCrypto" */;
			buildPhases = (
				718CC3012A126F6200ED6E89 /* Sources */,
				718CC3022A126F6200ED6E89 /* Frameworks */,
				718CC3032A126F6200ED6E89 /* Resources */,
			);
			buildRules = (
			);
			dependencies = (
			);
			name = SwiftfulCrypto;
			productName = SwiftfulCrypto;
			productReference = 718CC3052A126F6200ED6E89 /* SwiftfulCrypto.app */;
			productType = "com.apple.product-type.application";
		};
		718CC3142A126F6400ED6E89 /* SwiftfulCryptoTests */ = {
			isa = PBXNativeTarget;
			buildConfigurationList = 718CC32C2A126F6400ED6E89 /* Build configuration list for PBXNativeTarget "SwiftfulCryptoTests" */;
			buildPhases = (
				718CC3112A126F6400ED6E89 /* Sources */,
				718CC3122A126F6400ED6E89 /* Frameworks */,
				718CC3132A126F6400ED6E89 /* Resources */,
			);
			buildRules = (
			);
			dependencies = (
				718CC3172A126F6400ED6E89 /* PBXTargetDependency */,
			);
			name = SwiftfulCryptoTests;
			productName = SwiftfulCryptoTests;
			productReference = 718CC3152A126F6400ED6E89 /* SwiftfulCryptoTests.xctest */;
			productType = "com.apple.product-type.bundle.unit-test";
		};
		718CC31E2A126F6400ED6E89 /* SwiftfulCryptoUITests */ = {
			isa = PBXNativeTarget;
			buildConfigurationList = 718CC32F2A126F6400ED6E89 /* Build configuration list for PBXNativeTarget "SwiftfulCryptoUITests" */;
			buildPhases = (
				718CC31B2A126F6400ED6E89 /* Sources */,
				718CC31C2A126F6400ED6E89 /* Frameworks */,
				718CC31D2A126F6400ED6E89 /* Resources */,
			);
			buildRules = (
			);
			dependencies = (
				718CC3212A126F6400ED6E89 /* PBXTargetDependency */,
			);
			name = SwiftfulCryptoUITests;
			productName = SwiftfulCryptoUITests;
			productReference = 718CC31F2A126F6400ED6E89 /* SwiftfulCryptoUITests.xctest */;
			productType = "com.apple.product-type.bundle.ui-testing";
		};
/* End PBXNativeTarget section */

/* Begin PBXProject section */
		718CC2FD2A126F6200ED6E89 /* Project object */ = {
			isa = PBXProject;
			attributes = {
				BuildIndependentTargetsInParallel = 1;
				LastSwiftUpdateCheck = 1430;
				LastUpgradeCheck = 1430;
				TargetAttributes = {
					718CC3042A126F6200ED6E89 = {
						CreatedOnToolsVersion = 14.3;
					};
					718CC3142A126F6400ED6E89 = {
						CreatedOnToolsVersion = 14.3;
						TestTargetID = 718CC3042A126F6200ED6E89;
					};
					718CC31E2A126F6400ED6E89 = {
						CreatedOnToolsVersion = 14.3;
						TestTargetID = 718CC3042A126F6200ED6E89;
					};
				};
			};
			buildConfigurationList = 718CC3002A126F6200ED6E89 /* Build configuration list for PBXProject "SwiftfulCrypto" */;
			compatibilityVersion = "Xcode 14.0";
			developmentRegion = en;
			hasScannedForEncodings = 0;
			knownRegions = (
				en,
				Base,
			);
			mainGroup = 718CC2FC2A126F6200ED6E89;
			productRefGroup = 718CC3062A126F6200ED6E89 /* Products */;
			projectDirPath = "";
			projectRoot = "";
			targets = (
				718CC3042A126F6200ED6E89 /* SwiftfulCrypto */,
				718CC3142A126F6400ED6E89 /* SwiftfulCryptoTests */,
				718CC31E2A126F6400ED6E89 /* SwiftfulCryptoUITests */,
			);
		};
/* End PBXProject section */

/* Begin PBXResourcesBuildPhase section */
		718CC3032A126F6200ED6E89 /* Resources */ = {
			isa = PBXResourcesBuildPhase;
			buildActionMask = 2147483647;
			files = (
				718CC3102A126F6400ED6E89 /* Preview Assets.xcassets in Resources */,
				718CC3332A12702900ED6E89 /* Assets.xcassets in Resources */,
			);
			runOnlyForDeploymentPostprocessing = 0;
		};
		718CC3132A126F6400ED6E89 /* Resources */ = {
			isa = PBXResourcesBuildPhase;
			buildActionMask = 2147483647;
			files = (
			);
			runOnlyForDeploymentPostprocessing = 0;
		};
		718CC31D2A126F6400ED6E89 /* Resources */ = {
			isa = PBXResourcesBuildPhase;
			buildActionMask = 2147483647;
			files = (
			);
			runOnlyForDeploymentPostprocessing = 0;
		};
/* End PBXResourcesBuildPhase section */

/* Begin PBXSourcesBuildPhase section */
		718CC3012A126F6200ED6E89 /* Sources */ = {
			isa = PBXSourcesBuildPhase;
			buildActionMask = 2147483647;
			files = (
				7180B2522A16720E001D4A1E /* StatisticModel.swift in Sources */,
				71759E872A151D8F009C5BA2 /* CoinDataService.swift in Sources */,
				7180B2602A16B1B5001D4A1E /* CoinLogoView.swift in Sources */,
				712080742A13DE5900621D6C /* CoinRowView.swift in Sources */,
				71759E842A1515F9009C5BA2 /* HomeViewModel.swift in Sources */,
				7180B2662A17BE6B001D4A1E /* PortfolioContainer.xcdatamodeld in Sources */,
				71C4B27F2A37FD470024E057 /* SettingsView.swift in Sources */,
				718CC30B2A126F6200ED6E89 /* ContentView.swift in Sources */,
				71759E932A15375C009C5BA2 /* LocalFileManager.swift in Sources */,
				7180B2732A182432001D4A1E /* CoinDetailModel.swift in Sources */,
				7180B2582A1687FB001D4A1E /* MarketDataModel.swift in Sources */,
				7139C6EB2A13CC6B00E7DAEB /* HomeView.swift in Sources */,
				7180B26A2A180B82001D4A1E /* HepticManager.swift in Sources */,
				7180B2542A16734F001D4A1E /* StatisticView.swift in Sources */,
				71759E8D2A152E32009C5BA2 /* CoinImageView.swift in Sources */,
				7180B2712A181C66001D4A1E /* DetailView.swift in Sources */,
				7180B2752A182592001D4A1E /* DetailViewModel.swift in Sources */,
				71E5148C2A29703300C42791 /* Date.swift in Sources */,
				718CC3092A126F6200ED6E89 /* SwiftfulCryptoApp.swift in Sources */,
				7180B2502A166C9C001D4A1E /* UIApplication.swift in Sources */,
				7139C6EF2A13CDA500E7DAEB /* CircleButtonView.swift in Sources */,
				718CC3362A12721000ED6E89 /* Color.swift in Sources */,
				7180B24E2A166266001D4A1E /* SearchBarView.swift in Sources */,
				71759E8A2A152983009C5BA2 /* NetworkingManager.swift in Sources */,
				7180B2682A17BF06001D4A1E /* PortfolioDataService.swift in Sources */,
				7180B2562A167662001D4A1E /* HomeStatsView.swift in Sources */,
				7180B25A2A168AD0001D4A1E /* MarketDataService.swift in Sources */,
				7120806F2A13D40C00621D6C /* CircleButtonAnimationView.swift in Sources */,
				71759E912A153175009C5BA2 /* CoinImageViewModel.swift in Sources */,
				71D235192A29100600A4E3BA /* ChartView.swift in Sources */,
				712080762A13DEBD00621D6C /* PreviewProvider.swift in Sources */,
				71C4B27B2A37F9130024E057 /* String.swift in Sources */,
				7180B25C2A168FBF001D4A1E /* PortfolioView.swift in Sources */,
				7180B2772A1825BA001D4A1E /* CoinDetailDataService.swift in Sources */,
				712080782A13E21400621D6C /* Double.swift in Sources */,
				71759E8F2A152F4E009C5BA2 /* CoinImageService.swift in Sources */,
				712080722A13D71300621D6C /* CoinModel.swift in Sources */,
			);
			runOnlyForDeploymentPostprocessing = 0;
		};
		718CC3112A126F6400ED6E89 /* Sources */ = {
			isa = PBXSourcesBuildPhase;
			buildActionMask = 2147483647;
			files = (
				718CC31A2A126F6400ED6E89 /* SwiftfulCryptoTests.swift in Sources */,
			);
			runOnlyForDeploymentPostprocessing = 0;
		};
		718CC31B2A126F6400ED6E89 /* Sources */ = {
			isa = PBXSourcesBuildPhase;
			buildActionMask = 2147483647;
			files = (
				718CC3242A126F6400ED6E89 /* SwiftfulCryptoUITests.swift in Sources */,
				718CC3262A126F6400ED6E89 /* SwiftfulCryptoUITestsLaunchTests.swift in Sources */,
			);
			runOnlyForDeploymentPostprocessing = 0;
		};
/* End PBXSourcesBuildPhase section */

/* Begin PBXTargetDependency section */
		718CC3172A126F6400ED6E89 /* PBXTargetDependency */ = {
			isa = PBXTargetDependency;
			target = 718CC3042A126F6200ED6E89 /* SwiftfulCrypto */;
			targetProxy = 718CC3162A126F6400ED6E89 /* PBXContainerItemProxy */;
		};
		718CC3212A126F6400ED6E89 /* PBXTargetDependency */ = {
			isa = PBXTargetDependency;
			target = 718CC3042A126F6200ED6E89 /* SwiftfulCrypto */;
			targetProxy = 718CC3202A126F6400ED6E89 /* PBXContainerItemProxy */;
		};
/* End PBXTargetDependency section */

/* Begin XCBuildConfiguration section */
		718CC3272A126F6400ED6E89 /* Debug */ = {
			isa = XCBuildConfiguration;
			buildSettings = {
				ALWAYS_SEARCH_USER_PATHS = NO;
				CLANG_ANALYZER_NONNULL = YES;
				CLANG_ANALYZER_NUMBER_OBJECT_CONVERSION = YES_AGGRESSIVE;
				CLANG_CXX_LANGUAGE_STANDARD = "gnu++20";
				CLANG_ENABLE_MODULES = YES;
				CLANG_ENABLE_OBJC_ARC = YES;
				CLANG_ENABLE_OBJC_WEAK = YES;
				CLANG_WARN_BLOCK_CAPTURE_AUTORELEASING = YES;
				CLANG_WARN_BOOL_CONVERSION = YES;
				CLANG_WARN_COMMA = YES;
				CLANG_WARN_CONSTANT_CONVERSION = YES;
				CLANG_WARN_DEPRECATED_OBJC_IMPLEMENTATIONS = YES;
				CLANG_WARN_DIRECT_OBJC_ISA_USAGE = YES_ERROR;
				CLANG_WARN_DOCUMENTATION_COMMENTS = YES;
				CLANG_WARN_EMPTY_BODY = YES;
				CLANG_WARN_ENUM_CONVERSION = YES;
				CLANG_WARN_INFINITE_RECURSION = YES;
				CLANG_WARN_INT_CONVERSION = YES;
				CLANG_WARN_NON_LITERAL_NULL_CONVERSION = YES;
				CLANG_WARN_OBJC_IMPLICIT_RETAIN_SELF = YES;
				CLANG_WARN_OBJC_LITERAL_CONVERSION = YES;
				CLANG_WARN_OBJC_ROOT_CLASS = YES_ERROR;
				CLANG_WARN_QUOTED_INCLUDE_IN_FRAMEWORK_HEADER = YES;
				CLANG_WARN_RANGE_LOOP_ANALYSIS = YES;
				CLANG_WARN_STRICT_PROTOTYPES = YES;
				CLANG_WARN_SUSPICIOUS_MOVE = YES;
				CLANG_WARN_UNGUARDED_AVAILABILITY = YES_AGGRESSIVE;
				CLANG_WARN_UNREACHABLE_CODE = YES;
				CLANG_WARN__DUPLICATE_METHOD_MATCH = YES;
				COPY_PHASE_STRIP = NO;
				DEBUG_INFORMATION_FORMAT = dwarf;
				ENABLE_STRICT_OBJC_MSGSEND = YES;
				ENABLE_TESTABILITY = YES;
				GCC_C_LANGUAGE_STANDARD = gnu11;
				GCC_DYNAMIC_NO_PIC = NO;
				GCC_NO_COMMON_BLOCKS = YES;
				GCC_OPTIMIZATION_LEVEL = 0;
				GCC_PREPROCESSOR_DEFINITIONS = (
					"DEBUG=1",
					"$(inherited)",
				);
				GCC_WARN_64_TO_32_BIT_CONVERSION = YES;
				GCC_WARN_ABOUT_RETURN_TYPE = YES_ERROR;
				GCC_WARN_UNDECLARED_SELECTOR = YES;
				GCC_WARN_UNINITIALIZED_AUTOS = YES_AGGRESSIVE;
				GCC_WARN_UNUSED_FUNCTION = YES;
				GCC_WARN_UNUSED_VARIABLE = YES;
				IPHONEOS_DEPLOYMENT_TARGET = 16.4;
				MTL_ENABLE_DEBUG_INFO = INCLUDE_SOURCE;
				MTL_FAST_MATH = YES;
				ONLY_ACTIVE_ARCH = YES;
				SDKROOT = iphoneos;
				SWIFT_ACTIVE_COMPILATION_CONDITIONS = DEBUG;
				SWIFT_OPTIMIZATION_LEVEL = "-Onone";
			};
			name = Debug;
		};
		718CC3282A126F6400ED6E89 /* Release */ = {
			isa = XCBuildConfiguration;
			buildSettings = {
				ALWAYS_SEARCH_USER_PATHS = NO;
				CLANG_ANALYZER_NONNULL = YES;
				CLANG_ANALYZER_NUMBER_OBJECT_CONVERSION = YES_AGGRESSIVE;
				CLANG_CXX_LANGUAGE_STANDARD = "gnu++20";
				CLANG_ENABLE_MODULES = YES;
				CLANG_ENABLE_OBJC_ARC = YES;
				CLANG_ENABLE_OBJC_WEAK = YES;
				CLANG_WARN_BLOCK_CAPTURE_AUTORELEASING = YES;
				CLANG_WARN_BOOL_CONVERSION = YES;
				CLANG_WARN_COMMA = YES;
				CLANG_WARN_CONSTANT_CONVERSION = YES;
				CLANG_WARN_DEPRECATED_OBJC_IMPLEMENTATIONS = YES;
				CLANG_WARN_DIRECT_OBJC_ISA_USAGE = YES_ERROR;
				CLANG_WARN_DOCUMENTATION_COMMENTS = YES;
				CLANG_WARN_EMPTY_BODY = YES;
				CLANG_WARN_ENUM_CONVERSION = YES;
				CLANG_WARN_INFINITE_RECURSION = YES;
				CLANG_WARN_INT_CONVERSION = YES;
				CLANG_WARN_NON_LITERAL_NULL_CONVERSION = YES;
				CLANG_WARN_OBJC_IMPLICIT_RETAIN_SELF = YES;
				CLANG_WARN_OBJC_LITERAL_CONVERSION = YES;
				CLANG_WARN_OBJC_ROOT_CLASS = YES_ERROR;
				CLANG_WARN_QUOTED_INCLUDE_IN_FRAMEWORK_HEADER = YES;
				CLANG_WARN_RANGE_LOOP_ANALYSIS = YES;
				CLANG_WARN_STRICT_PROTOTYPES = YES;
				CLANG_WARN_SUSPICIOUS_MOVE = YES;
				CLANG_WARN_UNGUARDED_AVAILABILITY = YES_AGGRESSIVE;
				CLANG_WARN_UNREACHABLE_CODE = YES;
				CLANG_WARN__DUPLICATE_METHOD_MATCH = YES;
				COPY_PHASE_STRIP = NO;
				DEBUG_INFORMATION_FORMAT = "dwarf-with-dsym";
				ENABLE_NS_ASSERTIONS = NO;
				ENABLE_STRICT_OBJC_MSGSEND = YES;
				GCC_C_LANGUAGE_STANDARD = gnu11;
				GCC_NO_COMMON_BLOCKS = YES;
				GCC_WARN_64_TO_32_BIT_CONVERSION = YES;
				GCC_WARN_ABOUT_RETURN_TYPE = YES_ERROR;
				GCC_WARN_UNDECLARED_SELECTOR = YES;
				GCC_WARN_UNINITIALIZED_AUTOS = YES_AGGRESSIVE;
				GCC_WARN_UNUSED_FUNCTION = YES;
				GCC_WARN_UNUSED_VARIABLE = YES;
				IPHONEOS_DEPLOYMENT_TARGET = 16.4;
				MTL_ENABLE_DEBUG_INFO = NO;
				MTL_FAST_MATH = YES;
				SDKROOT = iphoneos;
				SWIFT_COMPILATION_MODE = wholemodule;
				SWIFT_OPTIMIZATION_LEVEL = "-O";
				VALIDATE_PRODUCT = YES;
			};
			name = Release;
		};
		718CC32A2A126F6400ED6E89 /* Debug */ = {
			isa = XCBuildConfiguration;
			buildSettings = {
				ASSETCATALOG_COMPILER_APPICON_NAME = AppIcon;
				ASSETCATALOG_COMPILER_GLOBAL_ACCENT_COLOR_NAME = AccentColor;
				CODE_SIGN_STYLE = Automatic;
				CURRENT_PROJECT_VERSION = 1;
				DEVELOPMENT_ASSET_PATHS = "\"SwiftfulCrypto/Preview Content\"";
				DEVELOPMENT_TEAM = 89BV38HZUZ;
				ENABLE_PREVIEWS = YES;
				GENERATE_INFOPLIST_FILE = YES;
				INFOPLIST_KEY_CFBundleDisplayName = "Crypto Tracker";
				INFOPLIST_KEY_UIApplicationSceneManifest_Generation = YES;
				INFOPLIST_KEY_UIApplicationSupportsIndirectInputEvents = YES;
				INFOPLIST_KEY_UILaunchScreen_Generation = YES;
				INFOPLIST_KEY_UISupportedInterfaceOrientations = UIInterfaceOrientationPortrait;
				LD_RUNPATH_SEARCH_PATHS = (
					"$(inherited)",
					"@executable_path/Frameworks",
				);
				MARKETING_VERSION = 1.0;
				PRODUCT_BUNDLE_IDENTIFIER = com.kimleng.SwiftfulCrypto;
				PRODUCT_NAME = "$(TARGET_NAME)";
				SWIFT_EMIT_LOC_STRINGS = YES;
				SWIFT_VERSION = 5.0;
				TARGETED_DEVICE_FAMILY = "1,2";
			};
			name = Debug;
		};
		718CC32B2A126F6400ED6E89 /* Release */ = {
			isa = XCBuildConfiguration;
			buildSettings = {
				ASSETCATALOG_COMPILER_APPICON_NAME = AppIcon;
				ASSETCATALOG_COMPILER_GLOBAL_ACCENT_COLOR_NAME = AccentColor;
				CODE_SIGN_STYLE = Automatic;
				CURRENT_PROJECT_VERSION = 1;
				DEVELOPMENT_ASSET_PATHS = "\"SwiftfulCrypto/Preview Content\"";
				DEVELOPMENT_TEAM = 89BV38HZUZ;
				ENABLE_PREVIEWS = YES;
				GENERATE_INFOPLIST_FILE = YES;
				INFOPLIST_KEY_CFBundleDisplayName = "Crypto Tracker";
				INFOPLIST_KEY_UIApplicationSceneManifest_Generation = YES;
				INFOPLIST_KEY_UIApplicationSupportsIndirectInputEvents = YES;
				INFOPLIST_KEY_UILaunchScreen_Generation = YES;
				INFOPLIST_KEY_UISupportedInterfaceOrientations = UIInterfaceOrientationPortrait;
				LD_RUNPATH_SEARCH_PATHS = (
					"$(inherited)",
					"@executable_path/Frameworks",
				);
				MARKETING_VERSION = 1.0;
				PRODUCT_BUNDLE_IDENTIFIER = com.kimleng.SwiftfulCrypto;
				PRODUCT_NAME = "$(TARGET_NAME)";
				SWIFT_EMIT_LOC_STRINGS = YES;
				SWIFT_VERSION = 5.0;
				TARGETED_DEVICE_FAMILY = "1,2";
			};
			name = Release;
		};
		718CC32D2A126F6400ED6E89 /* Debug */ = {
			isa = XCBuildConfiguration;
			buildSettings = {
				ALWAYS_EMBED_SWIFT_STANDARD_LIBRARIES = YES;
				BUNDLE_LOADER = "$(TEST_HOST)";
				CODE_SIGN_STYLE = Automatic;
				CURRENT_PROJECT_VERSION = 1;
				DEVELOPMENT_TEAM = 89BV38HZUZ;
				GENERATE_INFOPLIST_FILE = YES;
				IPHONEOS_DEPLOYMENT_TARGET = 16.4;
				MARKETING_VERSION = 1.0;
				PRODUCT_BUNDLE_IDENTIFIER = com.kimleng.SwiftfulCryptoTests;
				PRODUCT_NAME = "$(TARGET_NAME)";
				SWIFT_EMIT_LOC_STRINGS = NO;
				SWIFT_VERSION = 5.0;
				TARGETED_DEVICE_FAMILY = "1,2";
				TEST_HOST = "$(BUILT_PRODUCTS_DIR)/SwiftfulCrypto.app/$(BUNDLE_EXECUTABLE_FOLDER_PATH)/SwiftfulCrypto";
			};
			name = Debug;
		};
		718CC32E2A126F6400ED6E89 /* Release */ = {
			isa = XCBuildConfiguration;
			buildSettings = {
				ALWAYS_EMBED_SWIFT_STANDARD_LIBRARIES = YES;
				BUNDLE_LOADER = "$(TEST_HOST)";
				CODE_SIGN_STYLE = Automatic;
				CURRENT_PROJECT_VERSION = 1;
				DEVELOPMENT_TEAM = 89BV38HZUZ;
				GENERATE_INFOPLIST_FILE = YES;
				IPHONEOS_DEPLOYMENT_TARGET = 16.4;
				MARKETING_VERSION = 1.0;
				PRODUCT_BUNDLE_IDENTIFIER = com.kimleng.SwiftfulCryptoTests;
				PRODUCT_NAME = "$(TARGET_NAME)";
				SWIFT_EMIT_LOC_STRINGS = NO;
				SWIFT_VERSION = 5.0;
				TARGETED_DEVICE_FAMILY = "1,2";
				TEST_HOST = "$(BUILT_PRODUCTS_DIR)/SwiftfulCrypto.app/$(BUNDLE_EXECUTABLE_FOLDER_PATH)/SwiftfulCrypto";
			};
			name = Release;
		};
		718CC3302A126F6400ED6E89 /* Debug */ = {
			isa = XCBuildConfiguration;
			buildSettings = {
				ALWAYS_EMBED_SWIFT_STANDARD_LIBRARIES = YES;
				CODE_SIGN_STYLE = Automatic;
				CURRENT_PROJECT_VERSION = 1;
				DEVELOPMENT_TEAM = 89BV38HZUZ;
				GENERATE_INFOPLIST_FILE = YES;
				MARKETING_VERSION = 1.0;
				PRODUCT_BUNDLE_IDENTIFIER = com.kimleng.SwiftfulCryptoUITests;
				PRODUCT_NAME = "$(TARGET_NAME)";
				SWIFT_EMIT_LOC_STRINGS = NO;
				SWIFT_VERSION = 5.0;
				TARGETED_DEVICE_FAMILY = "1,2";
				TEST_TARGET_NAME = SwiftfulCrypto;
			};
			name = Debug;
		};
		718CC3312A126F6400ED6E89 /* Release */ = {
			isa = XCBuildConfiguration;
			buildSettings = {
				ALWAYS_EMBED_SWIFT_STANDARD_LIBRARIES = YES;
				CODE_SIGN_STYLE = Automatic;
				CURRENT_PROJECT_VERSION = 1;
				DEVELOPMENT_TEAM = 89BV38HZUZ;
				GENERATE_INFOPLIST_FILE = YES;
				MARKETING_VERSION = 1.0;
				PRODUCT_BUNDLE_IDENTIFIER = com.kimleng.SwiftfulCryptoUITests;
				PRODUCT_NAME = "$(TARGET_NAME)";
				SWIFT_EMIT_LOC_STRINGS = NO;
				SWIFT_VERSION = 5.0;
				TARGETED_DEVICE_FAMILY = "1,2";
				TEST_TARGET_NAME = SwiftfulCrypto;
			};
			name = Release;
		};
/* End XCBuildConfiguration section */

/* Begin XCConfigurationList section */
		718CC3002A126F6200ED6E89 /* Build configuration list for PBXProject "SwiftfulCrypto" */ = {
			isa = XCConfigurationList;
			buildConfigurations = (
				718CC3272A126F6400ED6E89 /* Debug */,
				718CC3282A126F6400ED6E89 /* Release */,
			);
			defaultConfigurationIsVisible = 0;
			defaultConfigurationName = Release;
		};
		718CC3292A126F6400ED6E89 /* Build configuration list for PBXNativeTarget "SwiftfulCrypto" */ = {
			isa = XCConfigurationList;
			buildConfigurations = (
				718CC32A2A126F6400ED6E89 /* Debug */,
				718CC32B2A126F6400ED6E89 /* Release */,
			);
			defaultConfigurationIsVisible = 0;
			defaultConfigurationName = Release;
		};
		718CC32C2A126F6400ED6E89 /* Build configuration list for PBXNativeTarget "SwiftfulCryptoTests" */ = {
			isa = XCConfigurationList;
			buildConfigurations = (
				718CC32D2A126F6400ED6E89 /* Debug */,
				718CC32E2A126F6400ED6E89 /* Release */,
			);
			defaultConfigurationIsVisible = 0;
			defaultConfigurationName = Release;
		};
		718CC32F2A126F6400ED6E89 /* Build configuration list for PBXNativeTarget "SwiftfulCryptoUITests" */ = {
			isa = XCConfigurationList;
			buildConfigurations = (
				718CC3302A126F6400ED6E89 /* Debug */,
				718CC3312A126F6400ED6E89 /* Release */,
			);
			defaultConfigurationIsVisible = 0;
			defaultConfigurationName = Release;
		};
/* End XCConfigurationList section */

/* Begin XCVersionGroup section */
		7180B2642A17BE6B001D4A1E /* PortfolioContainer.xcdatamodeld */ = {
			isa = XCVersionGroup;
			children = (
				7180B2652A17BE6B001D4A1E /* PortfolioContainer.xcdatamodel */,
			);
			currentVersion = 7180B2652A17BE6B001D4A1E /* PortfolioContainer.xcdatamodel */;
			path = PortfolioContainer.xcdatamodeld;
			sourceTree = "<group>";
			versionGroupType = wrapper.xcdatamodel;
		};
/* End XCVersionGroup section */
	};
	rootObject = 718CC2FD2A126F6200ED6E89 /* Project object */;
}
